Microsoft Visual Studio Solution File, Format Version 12.00
# Visual Studio 2012
Project("{FAE04EC0-301F-11D3-BF4B-00C04F79EFBC}") = "XpfMapLesson3", "XpfMapLesson3\XpfMapLesson3.csproj", "{487CF3E9-2824-4D80-89A7-58BF9910CA8D}"
EndProject
Project("{FAE04EC0-301F-11D3-BF4B-00C04F79EFBC}") = "XpfMapLesson3.Web", "XpfMapLesson3.Web\XpfMapLesson3.Web.csproj", "{50F5400E-D6F1-4309-98F7-76B98E8CFE6F}"
EndProject
Global
	GlobalSection(SolutionConfigurationPlatforms) = preSolution
		Debug|Any CPU = Debug|Any CPU
		Release|Any CPU = Release|Any CPU
	EndGlobalSection
	GlobalSection(ProjectConfigurationPlatforms) = postSolution
		{487CF3E9-2824-4D80-89A7-58BF9910CA8D}.Debug|Any CPU.ActiveCfg = Debug|Any CPU
		{487CF3E9-2824-4D80-89A7-58BF9910CA8D}.Debug|Any CPU.Build.0 = Debug|Any CPU
		{487CF3E9-2824-4D80-89A7-58BF9910CA8D}.Release|Any CPU.ActiveCfg = Release|Any CPU
		{487CF3E9-2824-4D80-89A7-58BF9910CA8D}.Release|Any CPU.Build.0 = Release|Any CPU
		{50F5400E-D6F1-4309-98F7-76B98E8CFE6F}.Debug|Any CPU.ActiveCfg = Debug|Any CPU
		{50F5400E-D6F1-4309-98F7-76B98E8CFE6F}.Debug|Any CPU.Build.0 = Debug|Any CPU
		{50F5400E-D6F1-4309-98F7-76B98E8CFE6F}.Release|Any CPU.ActiveCfg = Release|Any CPU
		{50F5400E-D6F1-4309-98F7-76B98E8CFE6F}.Release|Any CPU.Build.0 = Release|Any CPU
	EndGlobalSection
	GlobalSection(SolutionProperties) = preSolution
		HideSolutionNode = FALSE
	EndGlobalSection
EndGlobal
